
Microsoft Visual Studio Solution File, Format Version 12.00
# Visual Studio Version 17
VisualStudioVersion = 17.9.34723.18
MinimumVisualStudioVersion = 10.0.40219.1
Project("{FAE04EC0-301F-11D3-BF4B-00C04F79EFBC}") = "GestionCompetidores.Web", "GestionCompetidores.Web\GestionCompetidores.Web.csproj", "{875D5243-B604-4745-9DDE-6F7B7B862774}"
EndProject
Project("{FAE04EC0-301F-11D3-BF4B-00C04F79EFBC}") = "GestionCompetidores.Data", "GestionCompetidores.Data\GestionCompetidores.Data.csproj", "{4FFD8067-FCD2-4769-AD94-A1D85658F40F}"
EndProject
Project("{FAE04EC0-301F-11D3-BF4B-00C04F79EFBC}") = "GestionCompetidores.Servicios", "GestionCompetidores.Servicios\GestionCompetidores.Servicios.csproj", "{10F36F85-B037-4C4A-9AE7-8415547BD84D}"
EndProject
Global
	GlobalSection(SolutionConfigurationPlatforms) = preSolution
		Debug|Any CPU = Debug|Any CPU
		Release|Any CPU = Release|Any CPU
	EndGlobalSection
	GlobalSection(ProjectConfigurationPlatforms) = postSolution
		{875D5243-B604-4745-9DDE-6F7B7B862774}.Debug|Any CPU.ActiveCfg = Debug|Any CPU
		{875D5243-B604-4745-9DDE-6F7B7B862774}.Debug|Any CPU.Build.0 = Debug|Any CPU
		{875D5243-B604-4745-9DDE-6F7B7B862774}.Release|Any CPU.ActiveCfg = Release|Any CPU
		{875D5243-B604-4745-9DDE-6F7B7B862774}.Release|Any CPU.Build.0 = Release|Any CPU
		{4FFD8067-FCD2-4769-AD94-A1D85658F40F}.Debug|Any CPU.ActiveCfg = Debug|Any CPU
		{4FFD8067-FCD2-4769-AD94-A1D85658F40F}.Debug|Any CPU.Build.0 = Debug|Any CPU
		{4FFD8067-FCD2-4769-AD94-A1D85658F40F}.Release|Any CPU.ActiveCfg = Release|Any CPU
		{4FFD8067-FCD2-4769-AD94-A1D85658F40F}.Release|Any CPU.Build.0 = Release|Any CPU
		{10F36F85-B037-4C4A-9AE7-8415547BD84D}.Debug|Any CPU.ActiveCfg = Debug|Any CPU
		{10F36F85-B037-4C4A-9AE7-8415547BD84D}.Debug|Any CPU.Build.0 = Debug|Any CPU
		{10F36F85-B037-4C4A-9AE7-8415547BD84D}.Release|Any CPU.ActiveCfg = Release|Any CPU
		{10F36F85-B037-4C4A-9AE7-8415547BD84D}.Release|Any CPU.Build.0 = Release|Any CPU
	EndGlobalSection
	GlobalSection(SolutionProperties) = preSolution
		HideSolutionNode = FALSE
	EndGlobalSection
	GlobalSection(ExtensibilityGlobals) = postSolution
		SolutionGuid = {EF996545-D1E2-4C09-94FD-6A0F3DD2D53F}
	EndGlobalSection
EndGlobal
